// !$*UTF8*$!
{
	archiveVersion = 1;
	classes = {
	};
	objectVersion = 56;
	objects = {

/* Begin PBXBuildFile section */
		813C23C22AF2AFCB00546A96 /* YandexLoginSDK in Frameworks */ = {isa = PBXBuildFile; productRef = 813C23C12AF2AFCB00546A96 /* YandexLoginSDK */; };
		81C20B0229AD09B6003A3821 /* AppDelegate.swift in Sources */ = {isa = PBXBuildFile; fileRef = 81C20B0129AD09B6003A3821 /* AppDelegate.swift */; };
		81C20B0429AD09B6003A3821 /* SceneDelegate.swift in Sources */ = {isa = PBXBuildFile; fileRef = 81C20B0329AD09B6003A3821 /* SceneDelegate.swift */; };
		81C20B0629AD09B6003A3821 /* ViewController.swift in Sources */ = {isa = PBXBuildFile; fileRef = 81C20B0529AD09B6003A3821 /* ViewController.swift */; };
		81C20B0929AD09B6003A3821 /* Main.storyboard in Resources */ = {isa = PBXBuildFile; fileRef = 81C20B0729AD09B6003A3821 /* Main.storyboard */; };
		81C20B0B29AD09B7003A3821 /* Assets.xcassets in Resources */ = {isa = PBXBuildFile; fileRef = 81C20B0A29AD09B7003A3821 /* Assets.xcassets */; };
		81C20B0E29AD09B7003A3821 /* LaunchScreen.storyboard in Resources */ = {isa = PBXBuildFile; fileRef = 81C20B0C29AD09B7003A3821 /* LaunchScreen.storyboard */; };
		BC0698DD29C8BED200BFDDD1 /* YandexLoginSDK in Frameworks */ = {isa = PBXBuildFile; productRef = BC0698DC29C8BED200BFDDD1 /* YandexLoginSDK */; };
		BC9D6D0029CB376C00944885 /* CustomValuesCell.swift in Sources */ = {isa = PBXBuildFile; fileRef = BC9D6CFF29CB376C00944885 /* CustomValuesCell.swift */; };
		BCC2A78F29DDFFE80040050E /* UIViewController+ErrorOccured.swift in Sources */ = {isa = PBXBuildFile; fileRef = BCC2A78E29DDFFE80040050E /* UIViewController+ErrorOccured.swift */; };
/* End PBXBuildFile section */

/* Begin PBXFileReference section */
		8116B72E29AF282100171BBD /* LoginSDKSample.entitlements */ = {isa = PBXFileReference; lastKnownFileType = text.plist.entitlements; path = LoginSDKSample.entitlements; sourceTree = "<group>"; };
		81C20AFE29AD09B6003A3821 /* LoginSDKSample.app */ = {isa = PBXFileReference; explicitFileType = wrapper.application; includeInIndex = 0; path = LoginSDKSample.app; sourceTree = BUILT_PRODUCTS_DIR; };
		81C20B0129AD09B6003A3821 /* AppDelegate.swift */ = {isa = PBXFileReference; lastKnownFileType = sourcecode.swift; path = AppDelegate.swift; sourceTree = "<group>"; };
		81C20B0329AD09B6003A3821 /* SceneDelegate.swift */ = {isa = PBXFileReference; lastKnownFileType = sourcecode.swift; path = SceneDelegate.swift; sourceTree = "<group>"; };
		81C20B0529AD09B6003A3821 /* ViewController.swift */ = {isa = PBXFileReference; lastKnownFileType = sourcecode.swift; path = ViewController.swift; sourceTree = "<group>"; };
		81C20B0829AD09B6003A3821 /* Base */ = {isa = PBXFileReference; lastKnownFileType = file.storyboard; name = Base; path = Base.lproj/Main.storyboard; sourceTree = "<group>"; };
		81C20B0A29AD09B7003A3821 /* Assets.xcassets */ = {isa = PBXFileReference; lastKnownFileType = folder.assetcatalog; path = Assets.xcassets; sourceTree = "<group>"; };
		81C20B0D29AD09B7003A3821 /* Base */ = {isa = PBXFileReference; lastKnownFileType = file.storyboard; name = Base; path = Base.lproj/LaunchScreen.storyboard; sourceTree = "<group>"; };
		81C20B0F29AD09B7003A3821 /* Info.plist */ = {isa = PBXFileReference; lastKnownFileType = text.plist.xml; path = Info.plist; sourceTree = "<group>"; };
		BC9D6CFF29CB376C00944885 /* CustomValuesCell.swift */ = {isa = PBXFileReference; lastKnownFileType = sourcecode.swift; path = CustomValuesCell.swift; sourceTree = "<group>"; };
		BCC2A78E29DDFFE80040050E /* UIViewController+ErrorOccured.swift */ = {isa = PBXFileReference; lastKnownFileType = sourcecode.swift; path = "UIViewController+ErrorOccured.swift"; sourceTree = "<group>"; };
/* End PBXFileReference section */

/* Begin PBXFrameworksBuildPhase section */
		81C20AFB29AD09B6003A3821 /* Frameworks */ = {
			isa = PBXFrameworksBuildPhase;
			buildActionMask = 2147483647;
			files = (
				813C23C22AF2AFCB00546A96 /* YandexLoginSDK in Frameworks */,
				BC0698DD29C8BED200BFDDD1 /* YandexLoginSDK in Frameworks */,
			);
			runOnlyForDeploymentPostprocessing = 0;
		};
/* End PBXFrameworksBuildPhase section */

/* Begin PBXGroup section */
		81C20AF529AD09B6003A3821 = {
			isa = PBXGroup;
			children = (
				81C20B0029AD09B6003A3821 /* LoginSDKSample */,
				81C20AFF29AD09B6003A3821 /* Products */,
				BC0698DB29C8BECB00BFDDD1 /* Frameworks */,
			);
			sourceTree = "<group>";
		};
		81C20AFF29AD09B6003A3821 /* Products */ = {
			isa = PBXGroup;
			children = (
				81C20AFE29AD09B6003A3821 /* LoginSDKSample.app */,
			);
			name = Products;
			sourceTree = "<group>";
		};
		81C20B0029AD09B6003A3821 /* LoginSDKSample */ = {
			isa = PBXGroup;
			children = (
				81C20B0129AD09B6003A3821 /* AppDelegate.swift */,
				81C20B0329AD09B6003A3821 /* SceneDelegate.swift */,
				81C20B0529AD09B6003A3821 /* ViewController.swift */,
				BC9D6CFF29CB376C00944885 /* CustomValuesCell.swift */,
				BCC2A78E29DDFFE80040050E /* UIViewController+ErrorOccured.swift */,
				81C20B0729AD09B6003A3821 /* Main.storyboard */,
				81C20B0C29AD09B7003A3821 /* LaunchScreen.storyboard */,
				81C20B0A29AD09B7003A3821 /* Assets.xcassets */,
				81C20B0F29AD09B7003A3821 /* Info.plist */,
				8116B72E29AF282100171BBD /* LoginSDKSample.entitlements */,
			);
			path = LoginSDKSample;
			sourceTree = "<group>";
		};
		BC0698DB29C8BECB00BFDDD1 /* Frameworks */ = {
			isa = PBXGroup;
			children = (
			);
			name = Frameworks;
			sourceTree = "<group>";
		};
/* End PBXGroup section */

/* Begin PBXNativeTarget section */
		81C20AFD29AD09B6003A3821 /* LoginSDKSample */ = {
			isa = PBXNativeTarget;
			buildConfigurationList = 81C20B1229AD09B7003A3821 /* Build configuration list for PBXNativeTarget "LoginSDKSample" */;
			buildPhases = (
				81C20AFA29AD09B6003A3821 /* Sources */,
				81C20AFB29AD09B6003A3821 /* Frameworks */,
				81C20AFC29AD09B6003A3821 /* Resources */,
			);
			buildRules = (
			);
			dependencies = (
			);
			name = LoginSDKSample;
			packageProductDependencies = (
				BC0698DC29C8BED200BFDDD1 /* YandexLoginSDK */,
				813C23C12AF2AFCB00546A96 /* YandexLoginSDK */,
			);
			productName = LoginSDKSample;
			productReference = 81C20AFE29AD09B6003A3821 /* LoginSDKSample.app */;
			productType = "com.apple.product-type.application";
		};
/* End PBXNativeTarget section */

/* Begin PBXProject section */
		81C20AF629AD09B6003A3821 /* Project object */ = {
			isa = PBXProject;
			attributes = {
				BuildIndependentTargetsInParallel = 1;
				LastSwiftUpdateCheck = 1420;
				LastUpgradeCheck = 1420;
				TargetAttributes = {
					81C20AFD29AD09B6003A3821 = {
						CreatedOnToolsVersion = 14.2;
					};
				};
			};
			buildConfigurationList = 81C20AF929AD09B6003A3821 /* Build configuration list for PBXProject "LoginSDKSample" */;
			compatibilityVersion = "Xcode 14.0";
			developmentRegion = en;
			hasScannedForEncodings = 0;
			knownRegions = (
				en,
				Base,
			);
			mainGroup = 81C20AF529AD09B6003A3821;
			packageReferences = (
				813C23C02AF2AFCB00546A96 /* XCRemoteSwiftPackageReference "yandex-login-sdk-ios" */,
			);
			productRefGroup = 81C20AFF29AD09B6003A3821 /* Products */;
			projectDirPath = "";
			projectRoot = "";
			targets = (
				81C20AFD29AD09B6003A3821 /* LoginSDKSample */,
			);
		};
/* End PBXProject section */

/* Begin PBXResourcesBuildPhase section */
		81C20AFC29AD09B6003A3821 /* Resources */ = {
			isa = PBXResourcesBuildPhase;
			buildActionMask = 2147483647;
			files = (
				81C20B0E29AD09B7003A3821 /* LaunchScreen.storyboard in Resources */,
				81C20B0B29AD09B7003A3821 /* Assets.xcassets in Resources */,
				81C20B0929AD09B6003A3821 /* Main.storyboard in Resources */,
			);
			runOnlyForDeploymentPostprocessing = 0;
		};
/* End PBXResourcesBuildPhase section */

/* Begin PBXSourcesBuildPhase section */
		81C20AFA29AD09B6003A3821 /* Sources */ = {
			isa = PBXSourcesBuildPhase;
			buildActionMask = 2147483647;
			files = (
				BC9D6D0029CB376C00944885 /* CustomValuesCell.swift in Sources */,
				BCC2A78F29DDFFE80040050E /* UIViewController+ErrorOccured.swift in Sources */,
				81C20B0629AD09B6003A3821 /* ViewController.swift in Sources */,
				81C20B0229AD09B6003A3821 /* AppDelegate.swift in Sources */,
				81C20B0429AD09B6003A3821 /* SceneDelegate.swift in Sources */,
			);
			runOnlyForDeploymentPostprocessing = 0;
		};
/* End PBXSourcesBuildPhase section */

/* Begin PBXVariantGroup section */
		81C20B0729AD09B6003A3821 /* Main.storyboard */ = {
			isa = PBXVariantGroup;
			children = (
				81C20B0829AD09B6003A3821 /* Base */,
			);
			name = Main.storyboard;
			sourceTree = "<group>";
		};
		81C20B0C29AD09B7003A3821 /* LaunchScreen.storyboard */ = {
			isa = PBXVariantGroup;
			children = (
				81C20B0D29AD09B7003A3821 /* Base */,
			);
			name = LaunchScreen.storyboard;
			sourceTree = "<group>";
		};
/* End PBXVariantGroup section */

/* Begin XCBuildConfiguration section */
		81C20B1029AD09B7003A3821 /* Debug */ = {
			isa = XCBuildConfiguration;
			buildSettings = {
				ALWAYS_SEARCH_USER_PATHS = NO;
				CLANG_ANALYZER_NONNULL = YES;
				CLANG_ANALYZER_NUMBER_OBJECT_CONVERSION = YES_AGGRESSIVE;
				CLANG_CXX_LANGUAGE_STANDARD = "gnu++20";
				CLANG_ENABLE_MODULES = YES;
				CLANG_ENABLE_OBJC_ARC = YES;
				CLANG_ENABLE_OBJC_WEAK = YES;
				CLANG_WARN_BLOCK_CAPTURE_AUTORELEASING = YES;
				CLANG_WARN_BOOL_CONVERSION = YES;
				CLANG_WARN_COMMA = YES;
				CLANG_WARN_CONSTANT_CONVERSION = YES;
				CLANG_WARN_DEPRECATED_OBJC_IMPLEMENTATIONS = YES;
				CLANG_WARN_DIRECT_OBJC_ISA_USAGE = YES_ERROR;
				CLANG_WARN_DOCUMENTATION_COMMENTS = YES;
				CLANG_WARN_EMPTY_BODY = YES;
				CLANG_WARN_ENUM_CONVERSION = YES;
				CLANG_WARN_INFINITE_RECURSION = YES;
				CLANG_WARN_INT_CONVERSION = YES;
				CLANG_WARN_NON_LITERAL_NULL_CONVERSION = YES;
				CLANG_WARN_OBJC_IMPLICIT_RETAIN_SELF = YES;
				CLANG_WARN_OBJC_LITERAL_CONVERSION = YES;
				CLANG_WARN_OBJC_ROOT_CLASS = YES_ERROR;
				CLANG_WARN_QUOTED_INCLUDE_IN_FRAMEWORK_HEADER = YES;
				CLANG_WARN_RANGE_LOOP_ANALYSIS = YES;
				CLANG_WARN_STRICT_PROTOTYPES = YES;
				CLANG_WARN_SUSPICIOUS_MOVE = YES;
				CLANG_WARN_UNGUARDED_AVAILABILITY = YES_AGGRESSIVE;
				CLANG_WARN_UNREACHABLE_CODE = YES;
				CLANG_WARN__DUPLICATE_METHOD_MATCH = YES;
				COPY_PHASE_STRIP = NO;
				DEBUG_INFORMATION_FORMAT = dwarf;
				ENABLE_STRICT_OBJC_MSGSEND = YES;
				ENABLE_TESTABILITY = YES;
				GCC_C_LANGUAGE_STANDARD = gnu11;
				GCC_DYNAMIC_NO_PIC = NO;
				GCC_NO_COMMON_BLOCKS = YES;
				GCC_OPTIMIZATION_LEVEL = 0;
				GCC_PREPROCESSOR_DEFINITIONS = (
					"DEBUG=1",
					"$(inherited)",
				);
				GCC_WARN_64_TO_32_BIT_CONVERSION = YES;
				GCC_WARN_ABOUT_RETURN_TYPE = YES_ERROR;
				GCC_WARN_UNDECLARED_SELECTOR = YES;
				GCC_WARN_UNINITIALIZED_AUTOS = YES_AGGRESSIVE;
				GCC_WARN_UNUSED_FUNCTION = YES;
				GCC_WARN_UNUSED_VARIABLE = YES;
				IPHONEOS_DEPLOYMENT_TARGET = 16.2;
				MTL_ENABLE_DEBUG_INFO = INCLUDE_SOURCE;
				MTL_FAST_MATH = YES;
				ONLY_ACTIVE_ARCH = YES;
				SDKROOT = iphoneos;
				SWIFT_ACTIVE_COMPILATION_CONDITIONS = DEBUG;
				SWIFT_OPTIMIZATION_LEVEL = "-Onone";
			};
			name = Debug;
		};
		81C20B1129AD09B7003A3821 /* Release */ = {
			isa = XCBuildConfiguration;
			buildSettings = {
				ALWAYS_SEARCH_USER_PATHS = NO;
				CLANG_ANALYZER_NONNULL = YES;
				CLANG_ANALYZER_NUMBER_OBJECT_CONVERSION = YES_AGGRESSIVE;
				CLANG_CXX_LANGUAGE_STANDARD = "gnu++20";
				CLANG_ENABLE_MODULES = YES;
				CLANG_ENABLE_OBJC_ARC = YES;
				CLANG_ENABLE_OBJC_WEAK = YES;
				CLANG_WARN_BLOCK_CAPTURE_AUTORELEASING = YES;
				CLANG_WARN_BOOL_CONVERSION = YES;
				CLANG_WARN_COMMA = YES;
				CLANG_WARN_CONSTANT_CONVERSION = YES;
				CLANG_WARN_DEPRECATED_OBJC_IMPLEMENTATIONS = YES;
				CLANG_WARN_DIRECT_OBJC_ISA_USAGE = YES_ERROR;
				CLANG_WARN_DOCUMENTATION_COMMENTS = YES;
				CLANG_WARN_EMPTY_BODY = YES;
				CLANG_WARN_ENUM_CONVERSION = YES;
				CLANG_WARN_INFINITE_RECURSION = YES;
				CLANG_WARN_INT_CONVERSION = YES;
				CLANG_WARN_NON_LITERAL_NULL_CONVERSION = YES;
				CLANG_WARN_OBJC_IMPLICIT_RETAIN_SELF = YES;
				CLANG_WARN_OBJC_LITERAL_CONVERSION = YES;
				CLANG_WARN_OBJC_ROOT_CLASS = YES_ERROR;
				CLANG_WARN_QUOTED_INCLUDE_IN_FRAMEWORK_HEADER = YES;
				CLANG_WARN_RANGE_LOOP_ANALYSIS = YES;
				CLANG_WARN_STRICT_PROTOTYPES = YES;
				CLANG_WARN_SUSPICIOUS_MOVE = YES;
				CLANG_WARN_UNGUARDED_AVAILABILITY = YES_AGGRESSIVE;
				CLANG_WARN_UNREACHABLE_CODE = YES;
				CLANG_WARN__DUPLICATE_METHOD_MATCH = YES;
				COPY_PHASE_STRIP = NO;
				DEBUG_INFORMATION_FORMAT = "dwarf-with-dsym";
				ENABLE_NS_ASSERTIONS = NO;
				ENABLE_STRICT_OBJC_MSGSEND = YES;
				GCC_C_LANGUAGE_STANDARD = gnu11;
				GCC_NO_COMMON_BLOCKS = YES;
				GCC_WARN_64_TO_32_BIT_CONVERSION = YES;
				GCC_WARN_ABOUT_RETURN_TYPE = YES_ERROR;
				GCC_WARN_UNDECLARED_SELECTOR = YES;
				GCC_WARN_UNINITIALIZED_AUTOS = YES_AGGRESSIVE;
				GCC_WARN_UNUSED_FUNCTION = YES;
				GCC_WARN_UNUSED_VARIABLE = YES;
				IPHONEOS_DEPLOYMENT_TARGET = 16.2;
				MTL_ENABLE_DEBUG_INFO = NO;
				MTL_FAST_MATH = YES;
				SDKROOT = iphoneos;
				SWIFT_COMPILATION_MODE = wholemodule;
				SWIFT_OPTIMIZATION_LEVEL = "-O";
				VALIDATE_PRODUCT = YES;
			};
			name = Release;
		};
		81C20B1329AD09B7003A3821 /* Debug */ = {
			isa = XCBuildConfiguration;
			buildSettings = {
				ASSETCATALOG_COMPILER_APPICON_NAME = AppIcon;
				ASSETCATALOG_COMPILER_GLOBAL_ACCENT_COLOR_NAME = AccentColor;
				CODE_SIGN_ENTITLEMENTS = LoginSDKSample/LoginSDKSample.entitlements;
				"CODE_SIGN_IDENTITY[sdk=iphoneos*]" = "iPhone Developer";
				CODE_SIGN_STYLE = Manual;
				CURRENT_PROJECT_VERSION = 1;
				DEVELOPMENT_TEAM = 8NA98GZ448;
				"DEVELOPMENT_TEAM[sdk=iphoneos*]" = 8NA98GZ448;
				GENERATE_INFOPLIST_FILE = YES;
				INFOPLIST_FILE = LoginSDKSample/Info.plist;
				INFOPLIST_KEY_CFBundleDisplayName = LoginSDK;
				INFOPLIST_KEY_UIApplicationSupportsIndirectInputEvents = YES;
				INFOPLIST_KEY_UILaunchStoryboardName = LaunchScreen;
				INFOPLIST_KEY_UIMainStoryboardFile = Main;
				INFOPLIST_KEY_UIRequiredDeviceCapabilities = armv7;
				INFOPLIST_KEY_UISupportedInterfaceOrientations_iPad = "UIInterfaceOrientationPortrait UIInterfaceOrientationPortraitUpsideDown UIInterfaceOrientationLandscapeLeft UIInterfaceOrientationLandscapeRight";
				INFOPLIST_KEY_UISupportedInterfaceOrientations_iPhone = "UIInterfaceOrientationPortrait UIInterfaceOrientationLandscapeLeft UIInterfaceOrientationLandscapeRight";
				IPHONEOS_DEPLOYMENT_TARGET = 12.0;
				LD_RUNPATH_SEARCH_PATHS = (
					"$(inherited)",
					"@executable_path/Frameworks",
				);
				MARKETING_VERSION = 3.0.0;
				PRODUCT_BUNDLE_IDENTIFIER = ru.yandex.loginsdk.sample.debug;
				PRODUCT_NAME = "$(TARGET_NAME)";
				PROVISIONING_PROFILE_SPECIFIER = "LoginSDK Sample Dev";
				"PROVISIONING_PROFILE_SPECIFIER[sdk=iphoneos*]" = "LoginSDK Sample Dev";
				SWIFT_EMIT_LOC_STRINGS = YES;
				SWIFT_VERSION = 5.0;
				TARGETED_DEVICE_FAMILY = "1,2";
			};
			name = Debug;
		};
		81C20B1429AD09B7003A3821 /* Release */ = {
			isa = XCBuildConfiguration;
			buildSettings = {
				ASSETCATALOG_COMPILER_APPICON_NAME = AppIcon;
				ASSETCATALOG_COMPILER_GLOBAL_ACCENT_COLOR_NAME = AccentColor;
				CODE_SIGN_ENTITLEMENTS = LoginSDKSample/LoginSDKSample.entitlements;
				"CODE_SIGN_IDENTITY[sdk=iphoneos*]" = "iPhone Distribution";
				CODE_SIGN_STYLE = Manual;
				CURRENT_PROJECT_VERSION = 1;
				DEVELOPMENT_TEAM = EK7Z26L6D4;
				"DEVELOPMENT_TEAM[sdk=iphoneos*]" = EK7Z26L6D4;
				GENERATE_INFOPLIST_FILE = YES;
				INFOPLIST_FILE = LoginSDKSample/Info.plist;
				INFOPLIST_KEY_CFBundleDisplayName = LoginSDK;
				INFOPLIST_KEY_UIApplicationSupportsIndirectInputEvents = YES;
				INFOPLIST_KEY_UILaunchStoryboardName = LaunchScreen;
				INFOPLIST_KEY_UIMainStoryboardFile = Main;
				INFOPLIST_KEY_UIRequiredDeviceCapabilities = armv7;
				INFOPLIST_KEY_UISupportedInterfaceOrientations_iPad = "UIInterfaceOrientationPortrait UIInterfaceOrientationPortraitUpsideDown UIInterfaceOrientationLandscapeLeft UIInterfaceOrientationLandscapeRight";
				INFOPLIST_KEY_UISupportedInterfaceOrientations_iPhone = "UIInterfaceOrientationPortrait UIInterfaceOrientationLandscapeLeft UIInterfaceOrientationLandscapeRight";
				IPHONEOS_DEPLOYMENT_TARGET = 12.0;
				LD_RUNPATH_SEARCH_PATHS = (
					"$(inherited)",
					"@executable_path/Frameworks",
				);
				MARKETING_VERSION = 3.0.0;
				PRODUCT_BUNDLE_IDENTIFIER = ru.yandex.loginsdk.sample;
				PRODUCT_NAME = "$(TARGET_NAME)";
				PROVISIONING_PROFILE_SPECIFIER = "Login SDK sample inhouse";
				"PROVISIONING_PROFILE_SPECIFIER[sdk=iphoneos*]" = "Login SDK sample inhouse";
				SWIFT_EMIT_LOC_STRINGS = YES;
				SWIFT_VERSION = 5.0;
				TARGETED_DEVICE_FAMILY = "1,2";
			};
			name = Release;
		};
/* End XCBuildConfiguration section */

/* Begin XCConfigurationList section */
		81C20AF929AD09B6003A3821 /* Build configuration list for PBXProject "LoginSDKSample" */ = {
			isa = XCConfigurationList;
			buildConfigurations = (
				81C20B1029AD09B7003A3821 /* Debug */,
				81C20B1129AD09B7003A3821 /* Release */,
			);
			defaultConfigurationIsVisible = 0;
			defaultConfigurationName = Release;
		};
		81C20B1229AD09B7003A3821 /* Build configuration list for PBXNativeTarget "LoginSDKSample" */ = {
			isa = XCConfigurationList;
			buildConfigurations = (
				81C20B1329AD09B7003A3821 /* Debug */,
				81C20B1429AD09B7003A3821 /* Release */,
			);
			defaultConfigurationIsVisible = 0;
			defaultConfigurationName = Release;
		};
/* End XCConfigurationList section */

/* Begin XCRemoteSwiftPackageReference section */
		813C23C02AF2AFCB00546A96 /* XCRemoteSwiftPackageReference "yandex-login-sdk-ios" */ = {
			isa = XCRemoteSwiftPackageReference;
			repositoryURL = "https://github.com/yandexmobile/yandex-login-sdk-ios";
			requirement = {
				branch = master;
				kind = branch;
			};
		};
/* End XCRemoteSwiftPackageReference section */

/* Begin XCSwiftPackageProductDependency section */
		813C23C12AF2AFCB00546A96 /* YandexLoginSDK */ = {
			isa = XCSwiftPackageProductDependency;
			package = 813C23C02AF2AFCB00546A96 /* XCRemoteSwiftPackageReference "yandex-login-sdk-ios" */;
			productName = YandexLoginSDK;
		};
		BC0698DC29C8BED200BFDDD1 /* YandexLoginSDK */ = {
			isa = XCSwiftPackageProductDependency;
			productName = YandexLoginSDK;
		};
/* End XCSwiftPackageProductDependency section */
	};
	rootObject = 81C20AF629AD09B6003A3821 /* Project object */;
}
