PODS:
  - YandexLoginSDK (2.0.2)

DEPENDENCIES:
  - YandexLoginSDK (from `../YandexLoginSDK.podspec`)

EXTERNAL SOURCES:
  YandexLoginSDK:
    :path: "../YandexLoginSDK.podspec"

SPEC CHECKSUMS:
  YandexLoginSDK: 20523c7310919f1745c3e8219fc2e51552ff49f0

PODFILE CHECKSUM: ebadf593b04e52bd896bd204470975270356ceb1

COCOAPODS: 1.5.3
