PODS:
  - YandexLoginSDK (1.0.0)

DEPENDENCIES:
  - YandexLoginSDK (from `../YandexLoginSDK.podspec`)

EXTERNAL SOURCES:
  YandexLoginSDK:
    :path: "../YandexLoginSDK.podspec"

SPEC CHECKSUMS:
  YandexLoginSDK: dbd3d0d916f1f1613f45dea193fcbc236343ecb3

PODFILE CHECKSUM: ebadf593b04e52bd896bd204470975270356ceb1

COCOAPODS: 1.2.1
